
Microsoft Visual Studio Solution File, Format Version 12.00
# Visual Studio Version 17
VisualStudioVersion = 17.0.31903.59
MinimumVisualStudioVersion = 10.0.40219.1
Project("{9A19103F-16F7-4668-BE54-9A1E7A4F7556}") = "T01.HelloWorld", "T01.HelloWorld\T01.HelloWorld.csproj", "{21FADEC5-BC67-4172-A662-B66B0B1F4B77}"
EndProject
Project("{9A19103F-16F7-4668-BE54-9A1E7A4F7556}") = "T02. Nums 1-10", "T02. Nums 1-10\T02. Nums 1-10.csproj", "{42297034-6562-4E1D-9D3A-96D0EC5E4AF9}"
EndProject
Project("{9A19103F-16F7-4668-BE54-9A1E7A4F7556}") = "Т03. Rectangle Area", "Т03. Rectangle Area\Т03. Rectangle Area.csproj", "{2F4451FE-4511-4766-AF3D-8E88BE34868C}"
EndProject
Project("{9A19103F-16F7-4668-BE54-9A1E7A4F7556}") = "Т05. Greeting by Name", "Т05. Greeting by Name\Т05. Greeting by Name.csproj", "{9B390A42-02B5-4876-A852-2421FA5FD0BD}"
EndProject
Project("{9A19103F-16F7-4668-BE54-9A1E7A4F7556}") = "Т06. Concatenate Data", "Т06. Concatenate Data\Т06. Concatenate Data.csproj", "{AB6CC282-DD8F-4CB8-89ED-BA18C1A4FFE1}"
EndProject
Project("{9A19103F-16F7-4668-BE54-9A1E7A4F7556}") = "Т08. Pet Shop", "Т08. Pet Shop\Т08. Pet Shop.csproj", "{D7EEABC3-76A6-49DB-A73E-A76DE1A9354F}"
EndProject
Project("{9A19103F-16F7-4668-BE54-9A1E7A4F7556}") = "Т09. Yard Greening", "Т09. Yard Greening\Т09. Yard Greening.csproj", "{72C15C9E-24E0-4672-8289-38AC4749C620}"
EndProject
Project("{FAE04EC0-301F-11D3-BF4B-00C04F79EFBC}") = "T04. Inches to Centimeters", "T04. Inches to Centimeters\T04. Inches to Centimeters.csproj", "{28EBCE78-6240-48FB-BE28-584A7DF68306}"
EndProject
Project("{FAE04EC0-301F-11D3-BF4B-00C04F79EFBC}") = "T07. Projects Creation", "T07. Projects Creation\T07. Projects Creation.csproj", "{33995568-E091-4B52-92C7-5A93467B9F51}"
EndProject
Global
	GlobalSection(SolutionConfigurationPlatforms) = preSolution
		Debug|Any CPU = Debug|Any CPU
		Release|Any CPU = Release|Any CPU
	EndGlobalSection
	GlobalSection(ProjectConfigurationPlatforms) = postSolution
		{21FADEC5-BC67-4172-A662-B66B0B1F4B77}.Debug|Any CPU.ActiveCfg = Debug|Any CPU
		{21FADEC5-BC67-4172-A662-B66B0B1F4B77}.Debug|Any CPU.Build.0 = Debug|Any CPU
		{21FADEC5-BC67-4172-A662-B66B0B1F4B77}.Release|Any CPU.ActiveCfg = Release|Any CPU
		{21FADEC5-BC67-4172-A662-B66B0B1F4B77}.Release|Any CPU.Build.0 = Release|Any CPU
		{42297034-6562-4E1D-9D3A-96D0EC5E4AF9}.Debug|Any CPU.ActiveCfg = Debug|Any CPU
		{42297034-6562-4E1D-9D3A-96D0EC5E4AF9}.Debug|Any CPU.Build.0 = Debug|Any CPU
		{42297034-6562-4E1D-9D3A-96D0EC5E4AF9}.Release|Any CPU.ActiveCfg = Release|Any CPU
		{42297034-6562-4E1D-9D3A-96D0EC5E4AF9}.Release|Any CPU.Build.0 = Release|Any CPU
		{2F4451FE-4511-4766-AF3D-8E88BE34868C}.Debug|Any CPU.ActiveCfg = Debug|Any CPU
		{2F4451FE-4511-4766-AF3D-8E88BE34868C}.Debug|Any CPU.Build.0 = Debug|Any CPU
		{2F4451FE-4511-4766-AF3D-8E88BE34868C}.Release|Any CPU.ActiveCfg = Release|Any CPU
		{2F4451FE-4511-4766-AF3D-8E88BE34868C}.Release|Any CPU.Build.0 = Release|Any CPU
		{9B390A42-02B5-4876-A852-2421FA5FD0BD}.Debug|Any CPU.ActiveCfg = Debug|Any CPU
		{9B390A42-02B5-4876-A852-2421FA5FD0BD}.Debug|Any CPU.Build.0 = Debug|Any CPU
		{9B390A42-02B5-4876-A852-2421FA5FD0BD}.Release|Any CPU.ActiveCfg = Release|Any CPU
		{9B390A42-02B5-4876-A852-2421FA5FD0BD}.Release|Any CPU.Build.0 = Release|Any CPU
		{AB6CC282-DD8F-4CB8-89ED-BA18C1A4FFE1}.Debug|Any CPU.ActiveCfg = Debug|Any CPU
		{AB6CC282-DD8F-4CB8-89ED-BA18C1A4FFE1}.Debug|Any CPU.Build.0 = Debug|Any CPU
		{AB6CC282-DD8F-4CB8-89ED-BA18C1A4FFE1}.Release|Any CPU.ActiveCfg = Release|Any CPU
		{AB6CC282-DD8F-4CB8-89ED-BA18C1A4FFE1}.Release|Any CPU.Build.0 = Release|Any CPU
		{D7EEABC3-76A6-49DB-A73E-A76DE1A9354F}.Debug|Any CPU.ActiveCfg = Debug|Any CPU
		{D7EEABC3-76A6-49DB-A73E-A76DE1A9354F}.Debug|Any CPU.Build.0 = Debug|Any CPU
		{D7EEABC3-76A6-49DB-A73E-A76DE1A9354F}.Release|Any CPU.ActiveCfg = Release|Any CPU
		{D7EEABC3-76A6-49DB-A73E-A76DE1A9354F}.Release|Any CPU.Build.0 = Release|Any CPU
		{72C15C9E-24E0-4672-8289-38AC4749C620}.Debug|Any CPU.ActiveCfg = Debug|Any CPU
		{72C15C9E-24E0-4672-8289-38AC4749C620}.Debug|Any CPU.Build.0 = Debug|Any CPU
		{72C15C9E-24E0-4672-8289-38AC4749C620}.Release|Any CPU.ActiveCfg = Release|Any CPU
		{72C15C9E-24E0-4672-8289-38AC4749C620}.Release|Any CPU.Build.0 = Release|Any CPU
		{28EBCE78-6240-48FB-BE28-584A7DF68306}.Debug|Any CPU.ActiveCfg = Debug|Any CPU
		{28EBCE78-6240-48FB-BE28-584A7DF68306}.Debug|Any CPU.Build.0 = Debug|Any CPU
		{28EBCE78-6240-48FB-BE28-584A7DF68306}.Release|Any CPU.ActiveCfg = Release|Any CPU
		{28EBCE78-6240-48FB-BE28-584A7DF68306}.Release|Any CPU.Build.0 = Release|Any CPU
		{33995568-E091-4B52-92C7-5A93467B9F51}.Debug|Any CPU.ActiveCfg = Debug|Any CPU
		{33995568-E091-4B52-92C7-5A93467B9F51}.Debug|Any CPU.Build.0 = Debug|Any CPU
		{33995568-E091-4B52-92C7-5A93467B9F51}.Release|Any CPU.ActiveCfg = Release|Any CPU
		{33995568-E091-4B52-92C7-5A93467B9F51}.Release|Any CPU.Build.0 = Release|Any CPU
	EndGlobalSection
	GlobalSection(SolutionProperties) = preSolution
		HideSolutionNode = FALSE
	EndGlobalSection
	GlobalSection(ExtensibilityGlobals) = postSolution
		SolutionGuid = {DE05DCAF-C097-42BC-BA89-7114C2418DF9}
	EndGlobalSection
EndGlobal
