
Microsoft Visual Studio Solution File, Format Version 12.00
# Visual Studio Version 17
VisualStudioVersion = 17.0.31903.59
MinimumVisualStudioVersion = 10.0.40219.1
Project("{FAE04EC0-301F-11D3-BF4B-00C04F79EFBC}") = "01. Advertisement Message", "01. Advertisement Message\01. Advertisement Message.csproj", "{87B30D64-F3D7-4119-AFF1-FBE7F09BB805}"
EndProject
Project("{FAE04EC0-301F-11D3-BF4B-00C04F79EFBC}") = "02. Articles", "02. Articles\02. Articles.csproj", "{5C66F031-B7D7-4929-970A-7EEE1DCF5E18}"
EndProject
Project("{FAE04EC0-301F-11D3-BF4B-00C04F79EFBC}") = "03. Articles 2.0", "03. Articles 2.0\03. Articles 2.0.csproj", "{085B5368-947D-4394-94C1-A7942CD0656F}"
EndProject
Project("{FAE04EC0-301F-11D3-BF4B-00C04F79EFBC}") = "04. Students", "04. Students\04. Students.csproj", "{83E0DA9B-3530-47D1-9CB7-EF254D24F073}"
EndProject
Project("{FAE04EC0-301F-11D3-BF4B-00C04F79EFBC}") = "05. Teamwork Projects", "05. Teamwork Projects\05. Teamwork Projects.csproj", "{CF0146AB-A2A8-47C7-9D80-9482A4BEE796}"
EndProject
Project("{FAE04EC0-301F-11D3-BF4B-00C04F79EFBC}") = "06. Vehicle Catalogue", "06. Vehicle Catalogue\06. Vehicle Catalogue.csproj", "{04C844BD-FC34-4303-971B-7D2A5F6BA4B7}"
EndProject
Project("{FAE04EC0-301F-11D3-BF4B-00C04F79EFBC}") = "07. Order by Age", "07. Order by Age\07. Order by Age.csproj", "{A29E609B-76F9-4024-92EB-C8E6E385D605}"
EndProject
Global
	GlobalSection(SolutionConfigurationPlatforms) = preSolution
		Debug|Any CPU = Debug|Any CPU
		Release|Any CPU = Release|Any CPU
	EndGlobalSection
	GlobalSection(ProjectConfigurationPlatforms) = postSolution
		{87B30D64-F3D7-4119-AFF1-FBE7F09BB805}.Debug|Any CPU.ActiveCfg = Debug|Any CPU
		{87B30D64-F3D7-4119-AFF1-FBE7F09BB805}.Debug|Any CPU.Build.0 = Debug|Any CPU
		{87B30D64-F3D7-4119-AFF1-FBE7F09BB805}.Release|Any CPU.ActiveCfg = Release|Any CPU
		{87B30D64-F3D7-4119-AFF1-FBE7F09BB805}.Release|Any CPU.Build.0 = Release|Any CPU
		{5C66F031-B7D7-4929-970A-7EEE1DCF5E18}.Debug|Any CPU.ActiveCfg = Debug|Any CPU
		{5C66F031-B7D7-4929-970A-7EEE1DCF5E18}.Debug|Any CPU.Build.0 = Debug|Any CPU
		{5C66F031-B7D7-4929-970A-7EEE1DCF5E18}.Release|Any CPU.ActiveCfg = Release|Any CPU
		{5C66F031-B7D7-4929-970A-7EEE1DCF5E18}.Release|Any CPU.Build.0 = Release|Any CPU
		{085B5368-947D-4394-94C1-A7942CD0656F}.Debug|Any CPU.ActiveCfg = Debug|Any CPU
		{085B5368-947D-4394-94C1-A7942CD0656F}.Debug|Any CPU.Build.0 = Debug|Any CPU
		{085B5368-947D-4394-94C1-A7942CD0656F}.Release|Any CPU.ActiveCfg = Release|Any CPU
		{085B5368-947D-4394-94C1-A7942CD0656F}.Release|Any CPU.Build.0 = Release|Any CPU
		{83E0DA9B-3530-47D1-9CB7-EF254D24F073}.Debug|Any CPU.ActiveCfg = Debug|Any CPU
		{83E0DA9B-3530-47D1-9CB7-EF254D24F073}.Debug|Any CPU.Build.0 = Debug|Any CPU
		{83E0DA9B-3530-47D1-9CB7-EF254D24F073}.Release|Any CPU.ActiveCfg = Release|Any CPU
		{83E0DA9B-3530-47D1-9CB7-EF254D24F073}.Release|Any CPU.Build.0 = Release|Any CPU
		{CF0146AB-A2A8-47C7-9D80-9482A4BEE796}.Debug|Any CPU.ActiveCfg = Debug|Any CPU
		{CF0146AB-A2A8-47C7-9D80-9482A4BEE796}.Debug|Any CPU.Build.0 = Debug|Any CPU
		{CF0146AB-A2A8-47C7-9D80-9482A4BEE796}.Release|Any CPU.ActiveCfg = Release|Any CPU
		{CF0146AB-A2A8-47C7-9D80-9482A4BEE796}.Release|Any CPU.Build.0 = Release|Any CPU
		{04C844BD-FC34-4303-971B-7D2A5F6BA4B7}.Debug|Any CPU.ActiveCfg = Debug|Any CPU
		{04C844BD-FC34-4303-971B-7D2A5F6BA4B7}.Debug|Any CPU.Build.0 = Debug|Any CPU
		{04C844BD-FC34-4303-971B-7D2A5F6BA4B7}.Release|Any CPU.ActiveCfg = Release|Any CPU
		{04C844BD-FC34-4303-971B-7D2A5F6BA4B7}.Release|Any CPU.Build.0 = Release|Any CPU
		{A29E609B-76F9-4024-92EB-C8E6E385D605}.Debug|Any CPU.ActiveCfg = Debug|Any CPU
		{A29E609B-76F9-4024-92EB-C8E6E385D605}.Debug|Any CPU.Build.0 = Debug|Any CPU
		{A29E609B-76F9-4024-92EB-C8E6E385D605}.Release|Any CPU.ActiveCfg = Release|Any CPU
		{A29E609B-76F9-4024-92EB-C8E6E385D605}.Release|Any CPU.Build.0 = Release|Any CPU
	EndGlobalSection
	GlobalSection(SolutionProperties) = preSolution
		HideSolutionNode = FALSE
	EndGlobalSection
	GlobalSection(ExtensibilityGlobals) = postSolution
		SolutionGuid = {5C452FA0-1B58-4392-98E5-CA3A49522033}
	EndGlobalSection
EndGlobal
