
Microsoft Visual Studio Solution File, Format Version 12.00
# Visual Studio Version 17
VisualStudioVersion = 17.0.31903.59
MinimumVisualStudioVersion = 10.0.40219.1
Project("{9A19103F-16F7-4668-BE54-9A1E7A4F7556}") = "01. Numbers Ending in 7", "01. Numbers Ending in 7\01. Numbers Ending in 7.csproj", "{82A8E2D5-2BDF-485C-AC84-02A39C25985C}"
EndProject
Project("{9A19103F-16F7-4668-BE54-9A1E7A4F7556}") = "02. Half Sum Element", "02. Half Sum Element\02. Half Sum Element.csproj", "{F3A73A95-543E-4B14-9574-37974963ED1F}"
EndProject
Project("{9A19103F-16F7-4668-BE54-9A1E7A4F7556}") = "03. Histogram", "03. Histogram\03. Histogram.csproj", "{6E1FA599-BBB2-476A-AEDF-6A74BE19F2E5}"
EndProject
Project("{9A19103F-16F7-4668-BE54-9A1E7A4F7556}") = "04. Clever Lily", "04. Clever Lily\04. Clever Lily.csproj", "{37E86DCE-713F-498F-B020-644B0CBDE839}"
EndProject
Project("{9A19103F-16F7-4668-BE54-9A1E7A4F7556}") = "05. Salary", "05. Salary\05. Salary.csproj", "{EAAE674A-D000-4BAE-9B51-0DF69DF63B99}"
EndProject
Project("{9A19103F-16F7-4668-BE54-9A1E7A4F7556}") = "06. Oscars", "06. Oscars\06. Oscars.csproj", "{005ECFDC-AB37-44CD-8912-1134652343AA}"
EndProject
Project("{FAE04EC0-301F-11D3-BF4B-00C04F79EFBC}") = "07. Trekking Mania", "07. Trekking Mania\07. Trekking Mania.csproj", "{82E7FB4F-AE95-41C9-AC9E-8E22436461CD}"
EndProject
Project("{FAE04EC0-301F-11D3-BF4B-00C04F79EFBC}") = "08. Tennis Ranklist", "08. Tennis Ranklist\08. Tennis Ranklist.csproj", "{D9A1FAF6-0ADA-44DE-B0D2-027E54FA4188}"
EndProject
Global
	GlobalSection(SolutionConfigurationPlatforms) = preSolution
		Debug|Any CPU = Debug|Any CPU
		Release|Any CPU = Release|Any CPU
	EndGlobalSection
	GlobalSection(ProjectConfigurationPlatforms) = postSolution
		{82A8E2D5-2BDF-485C-AC84-02A39C25985C}.Debug|Any CPU.ActiveCfg = Debug|Any CPU
		{82A8E2D5-2BDF-485C-AC84-02A39C25985C}.Debug|Any CPU.Build.0 = Debug|Any CPU
		{82A8E2D5-2BDF-485C-AC84-02A39C25985C}.Release|Any CPU.ActiveCfg = Release|Any CPU
		{82A8E2D5-2BDF-485C-AC84-02A39C25985C}.Release|Any CPU.Build.0 = Release|Any CPU
		{F3A73A95-543E-4B14-9574-37974963ED1F}.Debug|Any CPU.ActiveCfg = Debug|Any CPU
		{F3A73A95-543E-4B14-9574-37974963ED1F}.Debug|Any CPU.Build.0 = Debug|Any CPU
		{F3A73A95-543E-4B14-9574-37974963ED1F}.Release|Any CPU.ActiveCfg = Release|Any CPU
		{F3A73A95-543E-4B14-9574-37974963ED1F}.Release|Any CPU.Build.0 = Release|Any CPU
		{6E1FA599-BBB2-476A-AEDF-6A74BE19F2E5}.Debug|Any CPU.ActiveCfg = Debug|Any CPU
		{6E1FA599-BBB2-476A-AEDF-6A74BE19F2E5}.Debug|Any CPU.Build.0 = Debug|Any CPU
		{6E1FA599-BBB2-476A-AEDF-6A74BE19F2E5}.Release|Any CPU.ActiveCfg = Release|Any CPU
		{6E1FA599-BBB2-476A-AEDF-6A74BE19F2E5}.Release|Any CPU.Build.0 = Release|Any CPU
		{37E86DCE-713F-498F-B020-644B0CBDE839}.Debug|Any CPU.ActiveCfg = Debug|Any CPU
		{37E86DCE-713F-498F-B020-644B0CBDE839}.Debug|Any CPU.Build.0 = Debug|Any CPU
		{37E86DCE-713F-498F-B020-644B0CBDE839}.Release|Any CPU.ActiveCfg = Release|Any CPU
		{37E86DCE-713F-498F-B020-644B0CBDE839}.Release|Any CPU.Build.0 = Release|Any CPU
		{EAAE674A-D000-4BAE-9B51-0DF69DF63B99}.Debug|Any CPU.ActiveCfg = Debug|Any CPU
		{EAAE674A-D000-4BAE-9B51-0DF69DF63B99}.Debug|Any CPU.Build.0 = Debug|Any CPU
		{EAAE674A-D000-4BAE-9B51-0DF69DF63B99}.Release|Any CPU.ActiveCfg = Release|Any CPU
		{EAAE674A-D000-4BAE-9B51-0DF69DF63B99}.Release|Any CPU.Build.0 = Release|Any CPU
		{005ECFDC-AB37-44CD-8912-1134652343AA}.Debug|Any CPU.ActiveCfg = Debug|Any CPU
		{005ECFDC-AB37-44CD-8912-1134652343AA}.Debug|Any CPU.Build.0 = Debug|Any CPU
		{005ECFDC-AB37-44CD-8912-1134652343AA}.Release|Any CPU.ActiveCfg = Release|Any CPU
		{005ECFDC-AB37-44CD-8912-1134652343AA}.Release|Any CPU.Build.0 = Release|Any CPU
		{82E7FB4F-AE95-41C9-AC9E-8E22436461CD}.Debug|Any CPU.ActiveCfg = Debug|Any CPU
		{82E7FB4F-AE95-41C9-AC9E-8E22436461CD}.Debug|Any CPU.Build.0 = Debug|Any CPU
		{82E7FB4F-AE95-41C9-AC9E-8E22436461CD}.Release|Any CPU.ActiveCfg = Release|Any CPU
		{82E7FB4F-AE95-41C9-AC9E-8E22436461CD}.Release|Any CPU.Build.0 = Release|Any CPU
		{D9A1FAF6-0ADA-44DE-B0D2-027E54FA4188}.Debug|Any CPU.ActiveCfg = Debug|Any CPU
		{D9A1FAF6-0ADA-44DE-B0D2-027E54FA4188}.Debug|Any CPU.Build.0 = Debug|Any CPU
		{D9A1FAF6-0ADA-44DE-B0D2-027E54FA4188}.Release|Any CPU.ActiveCfg = Release|Any CPU
		{D9A1FAF6-0ADA-44DE-B0D2-027E54FA4188}.Release|Any CPU.Build.0 = Release|Any CPU
	EndGlobalSection
	GlobalSection(SolutionProperties) = preSolution
		HideSolutionNode = FALSE
	EndGlobalSection
	GlobalSection(ExtensibilityGlobals) = postSolution
		SolutionGuid = {9951AE1C-8E1A-4312-AB0A-173700F5DEA3}
	EndGlobalSection
EndGlobal
