
Microsoft Visual Studio Solution File, Format Version 12.00
# Visual Studio Version 17
VisualStudioVersion = 17.0.31903.59
MinimumVisualStudioVersion = 10.0.40219.1
Project("{FAE04EC0-301F-11D3-BF4B-00C04F79EFBC}") = "P01.ConsoleConverter", "P01.ConsoleConverter\P01.ConsoleConverter.csproj", "{63358F5D-E7CB-4BCC-BC8C-9E51A2F7967F}"
EndProject
Project("{FAE04EC0-301F-11D3-BF4B-00C04F79EFBC}") = "P02.RadiansToDegrees", "P02.RadiansToDegrees\P02.RadiansToDegrees.csproj", "{054E31BB-00D5-4032-86AD-52B152210826}"
EndProject
Project("{FAE04EC0-301F-11D3-BF4B-00C04F79EFBC}") = "P03. DepositCalculator", "P03. DepositCalculator\P03. DepositCalculator.csproj", "{9B8F2D3C-D432-4C53-86BA-C146A93DF3A9}"
EndProject
Project("{FAE04EC0-301F-11D3-BF4B-00C04F79EFBC}") = "P04.VacationBooksList", "P04.VacationBooksList\P04.VacationBooksList.csproj", "{79AB1787-6820-464C-A47D-C024FFF83BE4}"
EndProject
Project("{FAE04EC0-301F-11D3-BF4B-00C04F79EFBC}") = "P05.SuppliesForSchool", "P05.SuppliesForSchool\P05.SuppliesForSchool.csproj", "{3F2F3623-F053-4501-91DB-EC59131FC8D9}"
EndProject
Project("{FAE04EC0-301F-11D3-BF4B-00C04F79EFBC}") = "P06.Repainting", "P06.Repainting\P06.Repainting.csproj", "{6A7F8CD3-812B-4908-82CC-F1332BDD2873}"
EndProject
Project("{FAE04EC0-301F-11D3-BF4B-00C04F79EFBC}") = "P07.FoodDelivery", "P07.FoodDelivery\P07.FoodDelivery.csproj", "{C43969DF-E5B6-4378-B106-78A1E5EB18F4}"
EndProject
Project("{FAE04EC0-301F-11D3-BF4B-00C04F79EFBC}") = "P08.BasketballEquipment", "P08.BasketballEquipment\P08.BasketballEquipment.csproj", "{08063C89-026D-4F54-9860-33CDEC65D07D}"
EndProject
Project("{FAE04EC0-301F-11D3-BF4B-00C04F79EFBC}") = "P09.FishTank", "P09.FishTank\P09.FishTank.csproj", "{F0E87A01-21EC-4E41-AA7A-BCF76165588F}"
EndProject
Global
	GlobalSection(SolutionConfigurationPlatforms) = preSolution
		Debug|Any CPU = Debug|Any CPU
		Release|Any CPU = Release|Any CPU
	EndGlobalSection
	GlobalSection(ProjectConfigurationPlatforms) = postSolution
		{63358F5D-E7CB-4BCC-BC8C-9E51A2F7967F}.Debug|Any CPU.ActiveCfg = Debug|Any CPU
		{63358F5D-E7CB-4BCC-BC8C-9E51A2F7967F}.Debug|Any CPU.Build.0 = Debug|Any CPU
		{63358F5D-E7CB-4BCC-BC8C-9E51A2F7967F}.Release|Any CPU.ActiveCfg = Release|Any CPU
		{63358F5D-E7CB-4BCC-BC8C-9E51A2F7967F}.Release|Any CPU.Build.0 = Release|Any CPU
		{054E31BB-00D5-4032-86AD-52B152210826}.Debug|Any CPU.ActiveCfg = Debug|Any CPU
		{054E31BB-00D5-4032-86AD-52B152210826}.Debug|Any CPU.Build.0 = Debug|Any CPU
		{054E31BB-00D5-4032-86AD-52B152210826}.Release|Any CPU.ActiveCfg = Release|Any CPU
		{054E31BB-00D5-4032-86AD-52B152210826}.Release|Any CPU.Build.0 = Release|Any CPU
		{9B8F2D3C-D432-4C53-86BA-C146A93DF3A9}.Debug|Any CPU.ActiveCfg = Debug|Any CPU
		{9B8F2D3C-D432-4C53-86BA-C146A93DF3A9}.Debug|Any CPU.Build.0 = Debug|Any CPU
		{9B8F2D3C-D432-4C53-86BA-C146A93DF3A9}.Release|Any CPU.ActiveCfg = Release|Any CPU
		{9B8F2D3C-D432-4C53-86BA-C146A93DF3A9}.Release|Any CPU.Build.0 = Release|Any CPU
		{79AB1787-6820-464C-A47D-C024FFF83BE4}.Debug|Any CPU.ActiveCfg = Debug|Any CPU
		{79AB1787-6820-464C-A47D-C024FFF83BE4}.Debug|Any CPU.Build.0 = Debug|Any CPU
		{79AB1787-6820-464C-A47D-C024FFF83BE4}.Release|Any CPU.ActiveCfg = Release|Any CPU
		{79AB1787-6820-464C-A47D-C024FFF83BE4}.Release|Any CPU.Build.0 = Release|Any CPU
		{3F2F3623-F053-4501-91DB-EC59131FC8D9}.Debug|Any CPU.ActiveCfg = Debug|Any CPU
		{3F2F3623-F053-4501-91DB-EC59131FC8D9}.Debug|Any CPU.Build.0 = Debug|Any CPU
		{3F2F3623-F053-4501-91DB-EC59131FC8D9}.Release|Any CPU.ActiveCfg = Release|Any CPU
		{3F2F3623-F053-4501-91DB-EC59131FC8D9}.Release|Any CPU.Build.0 = Release|Any CPU
		{6A7F8CD3-812B-4908-82CC-F1332BDD2873}.Debug|Any CPU.ActiveCfg = Debug|Any CPU
		{6A7F8CD3-812B-4908-82CC-F1332BDD2873}.Debug|Any CPU.Build.0 = Debug|Any CPU
		{6A7F8CD3-812B-4908-82CC-F1332BDD2873}.Release|Any CPU.ActiveCfg = Release|Any CPU
		{6A7F8CD3-812B-4908-82CC-F1332BDD2873}.Release|Any CPU.Build.0 = Release|Any CPU
		{C43969DF-E5B6-4378-B106-78A1E5EB18F4}.Debug|Any CPU.ActiveCfg = Debug|Any CPU
		{C43969DF-E5B6-4378-B106-78A1E5EB18F4}.Debug|Any CPU.Build.0 = Debug|Any CPU
		{C43969DF-E5B6-4378-B106-78A1E5EB18F4}.Release|Any CPU.ActiveCfg = Release|Any CPU
		{C43969DF-E5B6-4378-B106-78A1E5EB18F4}.Release|Any CPU.Build.0 = Release|Any CPU
		{08063C89-026D-4F54-9860-33CDEC65D07D}.Debug|Any CPU.ActiveCfg = Debug|Any CPU
		{08063C89-026D-4F54-9860-33CDEC65D07D}.Debug|Any CPU.Build.0 = Debug|Any CPU
		{08063C89-026D-4F54-9860-33CDEC65D07D}.Release|Any CPU.ActiveCfg = Release|Any CPU
		{08063C89-026D-4F54-9860-33CDEC65D07D}.Release|Any CPU.Build.0 = Release|Any CPU
		{F0E87A01-21EC-4E41-AA7A-BCF76165588F}.Debug|Any CPU.ActiveCfg = Debug|Any CPU
		{F0E87A01-21EC-4E41-AA7A-BCF76165588F}.Debug|Any CPU.Build.0 = Debug|Any CPU
		{F0E87A01-21EC-4E41-AA7A-BCF76165588F}.Release|Any CPU.ActiveCfg = Release|Any CPU
		{F0E87A01-21EC-4E41-AA7A-BCF76165588F}.Release|Any CPU.Build.0 = Release|Any CPU
	EndGlobalSection
	GlobalSection(SolutionProperties) = preSolution
		HideSolutionNode = FALSE
	EndGlobalSection
	GlobalSection(ExtensibilityGlobals) = postSolution
		SolutionGuid = {C664D58F-2E61-4064-820F-3DF99E165728}
	EndGlobalSection
EndGlobal
