
Microsoft Visual Studio Solution File, Format Version 12.00
# Visual Studio Version 17
VisualStudioVersion = 17.0.31903.59
MinimumVisualStudioVersion = 10.0.40219.1
Project("{9A19103F-16F7-4668-BE54-9A1E7A4F7556}") = "01. Convert Meters to Kilometers", "01. Convert Meters to Kilometers\01. Convert Meters to Kilometers.csproj", "{DBF9B287-5F2F-43B0-B6FA-6B00D7EB3D6F}"
EndProject
Project("{9A19103F-16F7-4668-BE54-9A1E7A4F7556}") = "02. Pounds to Dollars", "02. Pounds to Dollars\02. Pounds to Dollars.csproj", "{15F16978-362E-44FC-8D82-11CDD302186F}"
EndProject
Project("{9A19103F-16F7-4668-BE54-9A1E7A4F7556}") = "03. Exact Sum of Real Numbers", "03. Exact Sum of Real Numbers\03. Exact Sum of Real Numbers.csproj", "{2828D14B-9A0C-46B4-BB4A-A4BED0F017DF}"
EndProject
Project("{9A19103F-16F7-4668-BE54-9A1E7A4F7556}") = "04. Centuries to Minutes", "04. Centuries to Minutes\04. Centuries to Minutes.csproj", "{42E28E68-F3E7-4E2A-9FE1-E1A03C25B38E}"
EndProject
Project("{FAE04EC0-301F-11D3-BF4B-00C04F79EFBC}") = "05. Special Numbers", "05. Special Numbers\05. Special Numbers.csproj", "{54FBA7F9-6708-4746-AD2A-0E0674F3096D}"
EndProject
Project("{FAE04EC0-301F-11D3-BF4B-00C04F79EFBC}") = "06. Reversed Chars", "06. Reversed Chars\06. Reversed Chars.csproj", "{E7B92DF9-18C1-4641-84FE-2A61C8CD2264}"
EndProject
Project("{FAE04EC0-301F-11D3-BF4B-00C04F79EFBC}") = "07. Concat Names", "07. Concat Names\07. Concat Names.csproj", "{A561B24B-045E-44DE-B401-E69AA11B01AD}"
EndProject
Project("{FAE04EC0-301F-11D3-BF4B-00C04F79EFBC}") = "08. Town Info", "08. Town Info\08. Town Info.csproj", "{27A75E91-AB4A-48D5-963D-82F408725B1A}"
EndProject
Project("{FAE04EC0-301F-11D3-BF4B-00C04F79EFBC}") = "09. Chars to String", "09. Chars to String\09. Chars to String.csproj", "{F39AD3CF-659C-4C3D-BB59-9A2E6CF7047D}"
EndProject
Project("{FAE04EC0-301F-11D3-BF4B-00C04F79EFBC}") = "10. Lower or Upper", "10. Lower or Upper\10. Lower or Upper.csproj", "{C6AE4529-5397-4EEE-B57C-5F180CBCC3FA}"
EndProject
Project("{FAE04EC0-301F-11D3-BF4B-00C04F79EFBC}") = "11. Refactor Volume of Pyramid", "11. Refactor Volume of Pyramid\11. Refactor Volume of Pyramid.csproj", "{4082F1EE-451B-4F49-8F6D-56AE073B2F3F}"
EndProject
Project("{FAE04EC0-301F-11D3-BF4B-00C04F79EFBC}") = "12. Refactor Special Numbers", "12. Refactor Special Numbers\12. Refactor Special Numbers.csproj", "{C38A2257-A57E-4317-98D3-290D49C8570A}"
EndProject
Global
	GlobalSection(SolutionConfigurationPlatforms) = preSolution
		Debug|Any CPU = Debug|Any CPU
		Release|Any CPU = Release|Any CPU
	EndGlobalSection
	GlobalSection(ProjectConfigurationPlatforms) = postSolution
		{DBF9B287-5F2F-43B0-B6FA-6B00D7EB3D6F}.Debug|Any CPU.ActiveCfg = Debug|Any CPU
		{DBF9B287-5F2F-43B0-B6FA-6B00D7EB3D6F}.Debug|Any CPU.Build.0 = Debug|Any CPU
		{DBF9B287-5F2F-43B0-B6FA-6B00D7EB3D6F}.Release|Any CPU.ActiveCfg = Release|Any CPU
		{DBF9B287-5F2F-43B0-B6FA-6B00D7EB3D6F}.Release|Any CPU.Build.0 = Release|Any CPU
		{15F16978-362E-44FC-8D82-11CDD302186F}.Debug|Any CPU.ActiveCfg = Debug|Any CPU
		{15F16978-362E-44FC-8D82-11CDD302186F}.Debug|Any CPU.Build.0 = Debug|Any CPU
		{15F16978-362E-44FC-8D82-11CDD302186F}.Release|Any CPU.ActiveCfg = Release|Any CPU
		{15F16978-362E-44FC-8D82-11CDD302186F}.Release|Any CPU.Build.0 = Release|Any CPU
		{2828D14B-9A0C-46B4-BB4A-A4BED0F017DF}.Debug|Any CPU.ActiveCfg = Debug|Any CPU
		{2828D14B-9A0C-46B4-BB4A-A4BED0F017DF}.Debug|Any CPU.Build.0 = Debug|Any CPU
		{2828D14B-9A0C-46B4-BB4A-A4BED0F017DF}.Release|Any CPU.ActiveCfg = Release|Any CPU
		{2828D14B-9A0C-46B4-BB4A-A4BED0F017DF}.Release|Any CPU.Build.0 = Release|Any CPU
		{42E28E68-F3E7-4E2A-9FE1-E1A03C25B38E}.Debug|Any CPU.ActiveCfg = Debug|Any CPU
		{42E28E68-F3E7-4E2A-9FE1-E1A03C25B38E}.Debug|Any CPU.Build.0 = Debug|Any CPU
		{42E28E68-F3E7-4E2A-9FE1-E1A03C25B38E}.Release|Any CPU.ActiveCfg = Release|Any CPU
		{42E28E68-F3E7-4E2A-9FE1-E1A03C25B38E}.Release|Any CPU.Build.0 = Release|Any CPU
		{54FBA7F9-6708-4746-AD2A-0E0674F3096D}.Debug|Any CPU.ActiveCfg = Debug|Any CPU
		{54FBA7F9-6708-4746-AD2A-0E0674F3096D}.Debug|Any CPU.Build.0 = Debug|Any CPU
		{54FBA7F9-6708-4746-AD2A-0E0674F3096D}.Release|Any CPU.ActiveCfg = Release|Any CPU
		{54FBA7F9-6708-4746-AD2A-0E0674F3096D}.Release|Any CPU.Build.0 = Release|Any CPU
		{E7B92DF9-18C1-4641-84FE-2A61C8CD2264}.Debug|Any CPU.ActiveCfg = Debug|Any CPU
		{E7B92DF9-18C1-4641-84FE-2A61C8CD2264}.Debug|Any CPU.Build.0 = Debug|Any CPU
		{E7B92DF9-18C1-4641-84FE-2A61C8CD2264}.Release|Any CPU.ActiveCfg = Release|Any CPU
		{E7B92DF9-18C1-4641-84FE-2A61C8CD2264}.Release|Any CPU.Build.0 = Release|Any CPU
		{A561B24B-045E-44DE-B401-E69AA11B01AD}.Debug|Any CPU.ActiveCfg = Debug|Any CPU
		{A561B24B-045E-44DE-B401-E69AA11B01AD}.Debug|Any CPU.Build.0 = Debug|Any CPU
		{A561B24B-045E-44DE-B401-E69AA11B01AD}.Release|Any CPU.ActiveCfg = Release|Any CPU
		{A561B24B-045E-44DE-B401-E69AA11B01AD}.Release|Any CPU.Build.0 = Release|Any CPU
		{27A75E91-AB4A-48D5-963D-82F408725B1A}.Debug|Any CPU.ActiveCfg = Debug|Any CPU
		{27A75E91-AB4A-48D5-963D-82F408725B1A}.Debug|Any CPU.Build.0 = Debug|Any CPU
		{27A75E91-AB4A-48D5-963D-82F408725B1A}.Release|Any CPU.ActiveCfg = Release|Any CPU
		{27A75E91-AB4A-48D5-963D-82F408725B1A}.Release|Any CPU.Build.0 = Release|Any CPU
		{F39AD3CF-659C-4C3D-BB59-9A2E6CF7047D}.Debug|Any CPU.ActiveCfg = Debug|Any CPU
		{F39AD3CF-659C-4C3D-BB59-9A2E6CF7047D}.Debug|Any CPU.Build.0 = Debug|Any CPU
		{F39AD3CF-659C-4C3D-BB59-9A2E6CF7047D}.Release|Any CPU.ActiveCfg = Release|Any CPU
		{F39AD3CF-659C-4C3D-BB59-9A2E6CF7047D}.Release|Any CPU.Build.0 = Release|Any CPU
		{C6AE4529-5397-4EEE-B57C-5F180CBCC3FA}.Debug|Any CPU.ActiveCfg = Debug|Any CPU
		{C6AE4529-5397-4EEE-B57C-5F180CBCC3FA}.Debug|Any CPU.Build.0 = Debug|Any CPU
		{C6AE4529-5397-4EEE-B57C-5F180CBCC3FA}.Release|Any CPU.ActiveCfg = Release|Any CPU
		{C6AE4529-5397-4EEE-B57C-5F180CBCC3FA}.Release|Any CPU.Build.0 = Release|Any CPU
		{4082F1EE-451B-4F49-8F6D-56AE073B2F3F}.Debug|Any CPU.ActiveCfg = Debug|Any CPU
		{4082F1EE-451B-4F49-8F6D-56AE073B2F3F}.Debug|Any CPU.Build.0 = Debug|Any CPU
		{4082F1EE-451B-4F49-8F6D-56AE073B2F3F}.Release|Any CPU.ActiveCfg = Release|Any CPU
		{4082F1EE-451B-4F49-8F6D-56AE073B2F3F}.Release|Any CPU.Build.0 = Release|Any CPU
		{C38A2257-A57E-4317-98D3-290D49C8570A}.Debug|Any CPU.ActiveCfg = Debug|Any CPU
		{C38A2257-A57E-4317-98D3-290D49C8570A}.Debug|Any CPU.Build.0 = Debug|Any CPU
		{C38A2257-A57E-4317-98D3-290D49C8570A}.Release|Any CPU.ActiveCfg = Release|Any CPU
		{C38A2257-A57E-4317-98D3-290D49C8570A}.Release|Any CPU.Build.0 = Release|Any CPU
	EndGlobalSection
	GlobalSection(SolutionProperties) = preSolution
		HideSolutionNode = FALSE
	EndGlobalSection
	GlobalSection(ExtensibilityGlobals) = postSolution
		SolutionGuid = {83AC56DE-D1CE-4300-911F-49765E3B9ED6}
	EndGlobalSection
EndGlobal
