
Microsoft Visual Studio Solution File, Format Version 12.00
# Visual Studio Version 17
VisualStudioVersion = 17.0.31903.59
MinimumVisualStudioVersion = 10.0.40219.1
Project("{FAE04EC0-301F-11D3-BF4B-00C04F79EFBC}") = "01. Clock", "01. Clock\01. Clock.csproj", "{36054D39-4267-48F0-A459-55D091E582F5}"
EndProject
Project("{FAE04EC0-301F-11D3-BF4B-00C04F79EFBC}") = "02. Multiplication Table", "02. Multiplication Table\02. Multiplication Table.csproj", "{5410E455-D340-4957-BFB5-0851821429DC}"
EndProject
Project("{FAE04EC0-301F-11D3-BF4B-00C04F79EFBC}") = "03. Combinations", "03. Combinations\03. Combinations.csproj", "{F2033680-B15F-4F08-A782-060463F065F7}"
EndProject
Project("{FAE04EC0-301F-11D3-BF4B-00C04F79EFBC}") = "04. Sum of Two Numbers", "04. Sum of Two Numbers\04. Sum of Two Numbers.csproj", "{6C5CC313-9A80-4305-89B4-B75F1DA84CBE}"
EndProject
Project("{FAE04EC0-301F-11D3-BF4B-00C04F79EFBC}") = "05. Travelling", "05. Travelling\05. Travelling.csproj", "{8E968EED-0899-446E-8B29-D91CB43B2FB6}"
EndProject
Project("{FAE04EC0-301F-11D3-BF4B-00C04F79EFBC}") = "06. Building", "06. Building\06. Building.csproj", "{66B76E41-8D11-4B19-AEFB-9E28DDD7570F}"
EndProject
Global
	GlobalSection(SolutionConfigurationPlatforms) = preSolution
		Debug|Any CPU = Debug|Any CPU
		Release|Any CPU = Release|Any CPU
	EndGlobalSection
	GlobalSection(ProjectConfigurationPlatforms) = postSolution
		{36054D39-4267-48F0-A459-55D091E582F5}.Debug|Any CPU.ActiveCfg = Debug|Any CPU
		{36054D39-4267-48F0-A459-55D091E582F5}.Debug|Any CPU.Build.0 = Debug|Any CPU
		{36054D39-4267-48F0-A459-55D091E582F5}.Release|Any CPU.ActiveCfg = Release|Any CPU
		{36054D39-4267-48F0-A459-55D091E582F5}.Release|Any CPU.Build.0 = Release|Any CPU
		{5410E455-D340-4957-BFB5-0851821429DC}.Debug|Any CPU.ActiveCfg = Debug|Any CPU
		{5410E455-D340-4957-BFB5-0851821429DC}.Debug|Any CPU.Build.0 = Debug|Any CPU
		{5410E455-D340-4957-BFB5-0851821429DC}.Release|Any CPU.ActiveCfg = Release|Any CPU
		{5410E455-D340-4957-BFB5-0851821429DC}.Release|Any CPU.Build.0 = Release|Any CPU
		{F2033680-B15F-4F08-A782-060463F065F7}.Debug|Any CPU.ActiveCfg = Debug|Any CPU
		{F2033680-B15F-4F08-A782-060463F065F7}.Debug|Any CPU.Build.0 = Debug|Any CPU
		{F2033680-B15F-4F08-A782-060463F065F7}.Release|Any CPU.ActiveCfg = Release|Any CPU
		{F2033680-B15F-4F08-A782-060463F065F7}.Release|Any CPU.Build.0 = Release|Any CPU
		{6C5CC313-9A80-4305-89B4-B75F1DA84CBE}.Debug|Any CPU.ActiveCfg = Debug|Any CPU
		{6C5CC313-9A80-4305-89B4-B75F1DA84CBE}.Debug|Any CPU.Build.0 = Debug|Any CPU
		{6C5CC313-9A80-4305-89B4-B75F1DA84CBE}.Release|Any CPU.ActiveCfg = Release|Any CPU
		{6C5CC313-9A80-4305-89B4-B75F1DA84CBE}.Release|Any CPU.Build.0 = Release|Any CPU
		{8E968EED-0899-446E-8B29-D91CB43B2FB6}.Debug|Any CPU.ActiveCfg = Debug|Any CPU
		{8E968EED-0899-446E-8B29-D91CB43B2FB6}.Debug|Any CPU.Build.0 = Debug|Any CPU
		{8E968EED-0899-446E-8B29-D91CB43B2FB6}.Release|Any CPU.ActiveCfg = Release|Any CPU
		{8E968EED-0899-446E-8B29-D91CB43B2FB6}.Release|Any CPU.Build.0 = Release|Any CPU
		{66B76E41-8D11-4B19-AEFB-9E28DDD7570F}.Debug|Any CPU.ActiveCfg = Debug|Any CPU
		{66B76E41-8D11-4B19-AEFB-9E28DDD7570F}.Debug|Any CPU.Build.0 = Debug|Any CPU
		{66B76E41-8D11-4B19-AEFB-9E28DDD7570F}.Release|Any CPU.ActiveCfg = Release|Any CPU
		{66B76E41-8D11-4B19-AEFB-9E28DDD7570F}.Release|Any CPU.Build.0 = Release|Any CPU
	EndGlobalSection
	GlobalSection(SolutionProperties) = preSolution
		HideSolutionNode = FALSE
	EndGlobalSection
	GlobalSection(ExtensibilityGlobals) = postSolution
		SolutionGuid = {33BD9C22-7EBF-42C8-BAFA-03C5C1ECE0DB}
	EndGlobalSection
EndGlobal
