
Microsoft Visual Studio Solution File, Format Version 12.00
# Visual Studio Version 17
VisualStudioVersion = 17.0.31903.59
MinimumVisualStudioVersion = 10.0.40219.1
Project("{FAE04EC0-301F-11D3-BF4B-00C04F79EFBC}") = "01. Match Full Name", "01. Match Full Name\01. Match Full Name.csproj", "{274A6751-97F3-4959-A610-272DF238DAD6}"
EndProject
Project("{FAE04EC0-301F-11D3-BF4B-00C04F79EFBC}") = "02. Match Phone Number", "02. Match Phone Number\02. Match Phone Number.csproj", "{2BF4272B-1EB5-4A57-B971-02D110188D9C}"
EndProject
Project("{FAE04EC0-301F-11D3-BF4B-00C04F79EFBC}") = "03. Match Dates", "03. Match Dates\03. Match Dates.csproj", "{2004CEEA-6DE9-4819-AB65-AEE3321E5EC5}"
EndProject
Global
	GlobalSection(SolutionConfigurationPlatforms) = preSolution
		Debug|Any CPU = Debug|Any CPU
		Release|Any CPU = Release|Any CPU
	EndGlobalSection
	GlobalSection(ProjectConfigurationPlatforms) = postSolution
		{274A6751-97F3-4959-A610-272DF238DAD6}.Debug|Any CPU.ActiveCfg = Debug|Any CPU
		{274A6751-97F3-4959-A610-272DF238DAD6}.Debug|Any CPU.Build.0 = Debug|Any CPU
		{274A6751-97F3-4959-A610-272DF238DAD6}.Release|Any CPU.ActiveCfg = Release|Any CPU
		{274A6751-97F3-4959-A610-272DF238DAD6}.Release|Any CPU.Build.0 = Release|Any CPU
		{2BF4272B-1EB5-4A57-B971-02D110188D9C}.Debug|Any CPU.ActiveCfg = Debug|Any CPU
		{2BF4272B-1EB5-4A57-B971-02D110188D9C}.Debug|Any CPU.Build.0 = Debug|Any CPU
		{2BF4272B-1EB5-4A57-B971-02D110188D9C}.Release|Any CPU.ActiveCfg = Release|Any CPU
		{2BF4272B-1EB5-4A57-B971-02D110188D9C}.Release|Any CPU.Build.0 = Release|Any CPU
		{2004CEEA-6DE9-4819-AB65-AEE3321E5EC5}.Debug|Any CPU.ActiveCfg = Debug|Any CPU
		{2004CEEA-6DE9-4819-AB65-AEE3321E5EC5}.Debug|Any CPU.Build.0 = Debug|Any CPU
		{2004CEEA-6DE9-4819-AB65-AEE3321E5EC5}.Release|Any CPU.ActiveCfg = Release|Any CPU
		{2004CEEA-6DE9-4819-AB65-AEE3321E5EC5}.Release|Any CPU.Build.0 = Release|Any CPU
	EndGlobalSection
	GlobalSection(SolutionProperties) = preSolution
		HideSolutionNode = FALSE
	EndGlobalSection
	GlobalSection(ExtensibilityGlobals) = postSolution
		SolutionGuid = {94B3A829-1AF0-44CB-B070-AF242A150012}
	EndGlobalSection
EndGlobal
